
Microsoft Visual Studio Solution File, Format Version 12.00
# Visual Studio Version 17
VisualStudioVersion = 17.11.35327.3
MinimumVisualStudioVersion = 10.0.40219.1
Project("{FAE04EC0-301F-11D3-BF4B-00C04F79EFBC}") = "LaboratoriumSharp2", "LaboratoriumSharp2.csproj", "{60340A40-67BF-4A80-BE60-4AB8B6D2CD2A}"
EndProject
Project("{FAE04EC0-301F-11D3-BF4B-00C04F79EFBC}") = "Zadanie2", "..\Zadanie2\Zadanie2.csproj", "{1A162CDE-91EF-44A9-B813-04EE539A30FB}"
EndProject
Project("{FAE04EC0-301F-11D3-BF4B-00C04F79EFBC}") = "Zadanie3", "..\Zadanie3\Zadanie3.csproj", "{87A25F4B-3B0B-43F5-9778-27B418BFADA2}"
EndProject
Project("{FAE04EC0-301F-11D3-BF4B-00C04F79EFBC}") = "Zadanie4", "..\Zadanie4\Zadanie4.csproj", "{F5A5CE0F-1C7F-4393-BE16-D5BCB1237CDF}"
EndProject
Global
	GlobalSection(SolutionConfigurationPlatforms) = preSolution
		Debug|Any CPU = Debug|Any CPU
		Release|Any CPU = Release|Any CPU
	EndGlobalSection
	GlobalSection(ProjectConfigurationPlatforms) = postSolution
		{60340A40-67BF-4A80-BE60-4AB8B6D2CD2A}.Debug|Any CPU.ActiveCfg = Debug|Any CPU
		{60340A40-67BF-4A80-BE60-4AB8B6D2CD2A}.Debug|Any CPU.Build.0 = Debug|Any CPU
		{60340A40-67BF-4A80-BE60-4AB8B6D2CD2A}.Release|Any CPU.ActiveCfg = Release|Any CPU
		{60340A40-67BF-4A80-BE60-4AB8B6D2CD2A}.Release|Any CPU.Build.0 = Release|Any CPU
		{1A162CDE-91EF-44A9-B813-04EE539A30FB}.Debug|Any CPU.ActiveCfg = Debug|Any CPU
		{1A162CDE-91EF-44A9-B813-04EE539A30FB}.Debug|Any CPU.Build.0 = Debug|Any CPU
		{1A162CDE-91EF-44A9-B813-04EE539A30FB}.Release|Any CPU.ActiveCfg = Release|Any CPU
		{1A162CDE-91EF-44A9-B813-04EE539A30FB}.Release|Any CPU.Build.0 = Release|Any CPU
		{87A25F4B-3B0B-43F5-9778-27B418BFADA2}.Debug|Any CPU.ActiveCfg = Debug|Any CPU
		{87A25F4B-3B0B-43F5-9778-27B418BFADA2}.Debug|Any CPU.Build.0 = Debug|Any CPU
		{87A25F4B-3B0B-43F5-9778-27B418BFADA2}.Release|Any CPU.ActiveCfg = Release|Any CPU
		{87A25F4B-3B0B-43F5-9778-27B418BFADA2}.Release|Any CPU.Build.0 = Release|Any CPU
		{F5A5CE0F-1C7F-4393-BE16-D5BCB1237CDF}.Debug|Any CPU.ActiveCfg = Debug|Any CPU
		{F5A5CE0F-1C7F-4393-BE16-D5BCB1237CDF}.Debug|Any CPU.Build.0 = Debug|Any CPU
		{F5A5CE0F-1C7F-4393-BE16-D5BCB1237CDF}.Release|Any CPU.ActiveCfg = Release|Any CPU
		{F5A5CE0F-1C7F-4393-BE16-D5BCB1237CDF}.Release|Any CPU.Build.0 = Release|Any CPU
	EndGlobalSection
	GlobalSection(SolutionProperties) = preSolution
		HideSolutionNode = FALSE
	EndGlobalSection
	GlobalSection(ExtensibilityGlobals) = postSolution
		SolutionGuid = {E914D52C-3656-43ED-9D5D-6C154703F58E}
	EndGlobalSection
EndGlobal
